
Microsoft Visual Studio Solution File, Format Version 12.00
# Visual Studio Version 16
VisualStudioVersion = 16.0.29001.49
MinimumVisualStudioVersion = 10.0.40219.1
Project("{FAE04EC0-301F-11D3-BF4B-00C04F79EFBC}") = "Find_Replace", "Find_Replace.csproj", "{A11ADDE2-9DEE-4972-AAB8-429E309797CA}"
EndProject
Global
	GlobalSection(SolutionConfigurationPlatforms) = preSolution
		Debug|Any CPU = Debug|Any CPU
		Release|Any CPU = Release|Any CPU
	EndGlobalSection
	GlobalSection(ProjectConfigurationPlatforms) = postSolution
		{A11ADDE2-9DEE-4972-AAB8-429E309797CA}.Debug|Any CPU.ActiveCfg = Debug|Any CPU
		{A11ADDE2-9DEE-4972-AAB8-429E309797CA}.Debug|Any CPU.Build.0 = Debug|Any CPU
		{A11ADDE2-9DEE-4972-AAB8-429E309797CA}.Release|Any CPU.ActiveCfg = Release|Any CPU
		{A11ADDE2-9DEE-4972-AAB8-429E309797CA}.Release|Any CPU.Build.0 = Release|Any CPU
	EndGlobalSection
	GlobalSection(SolutionProperties) = preSolution
		HideSolutionNode = FALSE
	EndGlobalSection
	GlobalSection(ExtensibilityGlobals) = postSolution
		SolutionGuid = {3EB7D969-B921-4500-B716-21B286788478}
	EndGlobalSection
EndGlobal
